
Microsoft Visual Studio Solution File, Format Version 12.00
# Visual Studio Version 16
VisualStudioVersion = 16.0.31911.196
MinimumVisualStudioVersion = 10.0.40219.1
Project("{8BC9CEB8-8B4A-11D0-8D11-00A0C91BC942}") = "BOJ_1992", "BOJ_1992\BOJ_1992.vcxproj", "{4F84DCA4-BF90-40E3-ADAC-9798E920FDB6}"
EndProject
Global
	GlobalSection(SolutionConfigurationPlatforms) = preSolution
		Debug|x64 = Debug|x64
		Release|x64 = Release|x64
	EndGlobalSection
	GlobalSection(ProjectConfigurationPlatforms) = postSolution
		{4F84DCA4-BF90-40E3-ADAC-9798E920FDB6}.Debug|x64.ActiveCfg = Debug|x64
		{4F84DCA4-BF90-40E3-ADAC-9798E920FDB6}.Debug|x64.Build.0 = Debug|x64
		{4F84DCA4-BF90-40E3-ADAC-9798E920FDB6}.Release|x64.ActiveCfg = Release|x64
		{4F84DCA4-BF90-40E3-ADAC-9798E920FDB6}.Release|x64.Build.0 = Release|x64
	EndGlobalSection
	GlobalSection(SolutionProperties) = preSolution
		HideSolutionNode = FALSE
	EndGlobalSection
	GlobalSection(ExtensibilityGlobals) = postSolution
		SolutionGuid = {54306971-E732-4E2F-A8C7-3F283805532C}
	EndGlobalSection
EndGlobal
